// !$*UTF8*$!
{
	archiveVersion = 1;
	classes = {
	};
	objectVersion = 56;
	objects = {

/* Begin PBXBuildFile section */
		7B33673B2C5879450088544D /* TodoListView.swift in Sources */ = {isa = PBXBuildFile; fileRef = 7B33673A2C5879450088544D /* TodoListView.swift */; };
		7B33673E2C589E1C0088544D /* TodoListFeature.swift in Sources */ = {isa = PBXBuildFile; fileRef = 7B33673D2C589E1C0088544D /* TodoListFeature.swift */; };
		7B3367412C58A2650088544D /* TodoService.swift in Sources */ = {isa = PBXBuildFile; fileRef = 7B3367402C58A2650088544D /* TodoService.swift */; };
		7B3367452C58A94C0088544D /* MainDIContainer.swift in Sources */ = {isa = PBXBuildFile; fileRef = 7B3367442C58A94C0088544D /* MainDIContainer.swift */; };
		7B3367492C58AA5A0088544D /* MainCoordinator.swift in Sources */ = {isa = PBXBuildFile; fileRef = 7B3367482C58AA5A0088544D /* MainCoordinator.swift */; };
		7B3B3F642C58D4290018207C /* AppDIContainer.swift in Sources */ = {isa = PBXBuildFile; fileRef = 7B3B3F632C58D4290018207C /* AppDIContainer.swift */; };
		7B3B3F672C58D4B10018207C /* AppCoordinator.swift in Sources */ = {isa = PBXBuildFile; fileRef = 7B3B3F662C58D4B10018207C /* AppCoordinator.swift */; };
		7B9791772C575F0100698DE6 /* TodoList_TCAApp.swift in Sources */ = {isa = PBXBuildFile; fileRef = 7B9791762C575F0100698DE6 /* TodoList_TCAApp.swift */; };
		7B9791792C575F0100698DE6 /* ContentView.swift in Sources */ = {isa = PBXBuildFile; fileRef = 7B9791782C575F0100698DE6 /* ContentView.swift */; };
		7B97917D2C575F0200698DE6 /* Assets.xcassets in Resources */ = {isa = PBXBuildFile; fileRef = 7B97917C2C575F0200698DE6 /* Assets.xcassets */; };
		7B9791802C575F0200698DE6 /* Preview Assets.xcassets in Resources */ = {isa = PBXBuildFile; fileRef = 7B97917F2C575F0200698DE6 /* Preview Assets.xcassets */; };
		7B9791882C575FAF00698DE6 /* ComposableArchitecture in Frameworks */ = {isa = PBXBuildFile; productRef = 7B9791872C575FAF00698DE6 /* ComposableArchitecture */; };
		7B97918E2C57654700698DE6 /* Task.swift in Sources */ = {isa = PBXBuildFile; fileRef = 7B97918D2C57654700698DE6 /* Task.swift */; };
		7B9791912C576C4800698DE6 /* CountView.swift in Sources */ = {isa = PBXBuildFile; fileRef = 7B9791902C576C4800698DE6 /* CountView.swift */; };
		7B9791932C57811400698DE6 /* CountFeature.swift in Sources */ = {isa = PBXBuildFile; fileRef = 7B9791922C57811400698DE6 /* CountFeature.swift */; };
/* End PBXBuildFile section */

/* Begin PBXFileReference section */
		7B33673A2C5879450088544D /* TodoListView.swift */ = {isa = PBXFileReference; lastKnownFileType = sourcecode.swift; path = TodoListView.swift; sourceTree = "<group>"; };
		7B33673D2C589E1C0088544D /* TodoListFeature.swift */ = {isa = PBXFileReference; lastKnownFileType = sourcecode.swift; path = TodoListFeature.swift; sourceTree = "<group>"; };
		7B3367402C58A2650088544D /* TodoService.swift */ = {isa = PBXFileReference; lastKnownFileType = sourcecode.swift; path = TodoService.swift; sourceTree = "<group>"; };
		7B3367442C58A94C0088544D /* MainDIContainer.swift */ = {isa = PBXFileReference; lastKnownFileType = sourcecode.swift; path = MainDIContainer.swift; sourceTree = "<group>"; };
		7B3367482C58AA5A0088544D /* MainCoordinator.swift */ = {isa = PBXFileReference; lastKnownFileType = sourcecode.swift; path = MainCoordinator.swift; sourceTree = "<group>"; };
		7B3B3F632C58D4290018207C /* AppDIContainer.swift */ = {isa = PBXFileReference; lastKnownFileType = sourcecode.swift; path = AppDIContainer.swift; sourceTree = "<group>"; };
		7B3B3F662C58D4B10018207C /* AppCoordinator.swift */ = {isa = PBXFileReference; lastKnownFileType = sourcecode.swift; path = AppCoordinator.swift; sourceTree = "<group>"; };
		7B9791732C575F0100698DE6 /* TodoList_TCA.app */ = {isa = PBXFileReference; explicitFileType = wrapper.application; includeInIndex = 0; path = TodoList_TCA.app; sourceTree = BUILT_PRODUCTS_DIR; };
		7B9791762C575F0100698DE6 /* TodoList_TCAApp.swift */ = {isa = PBXFileReference; lastKnownFileType = sourcecode.swift; path = TodoList_TCAApp.swift; sourceTree = "<group>"; };
		7B9791782C575F0100698DE6 /* ContentView.swift */ = {isa = PBXFileReference; lastKnownFileType = sourcecode.swift; path = ContentView.swift; sourceTree = "<group>"; };
		7B97917C2C575F0200698DE6 /* Assets.xcassets */ = {isa = PBXFileReference; lastKnownFileType = folder.assetcatalog; path = Assets.xcassets; sourceTree = "<group>"; };
		7B97917F2C575F0200698DE6 /* Preview Assets.xcassets */ = {isa = PBXFileReference; lastKnownFileType = folder.assetcatalog; path = "Preview Assets.xcassets"; sourceTree = "<group>"; };
		7B97918D2C57654700698DE6 /* Task.swift */ = {isa = PBXFileReference; lastKnownFileType = sourcecode.swift; path = Task.swift; sourceTree = "<group>"; };
		7B9791902C576C4800698DE6 /* CountView.swift */ = {isa = PBXFileReference; lastKnownFileType = sourcecode.swift; path = CountView.swift; sourceTree = "<group>"; };
		7B9791922C57811400698DE6 /* CountFeature.swift */ = {isa = PBXFileReference; lastKnownFileType = sourcecode.swift; path = CountFeature.swift; sourceTree = "<group>"; };
/* End PBXFileReference section */

/* Begin PBXFrameworksBuildPhase section */
		7B9791702C575F0100698DE6 /* Frameworks */ = {
			isa = PBXFrameworksBuildPhase;
			buildActionMask = 2147483647;
			files = (
				7B9791882C575FAF00698DE6 /* ComposableArchitecture in Frameworks */,
			);
			runOnlyForDeploymentPostprocessing = 0;
		};
/* End PBXFrameworksBuildPhase section */

/* Begin PBXGroup section */
		7B3367392C5879390088544D /* TodoList */ = {
			isa = PBXGroup;
			children = (
				7B33673A2C5879450088544D /* TodoListView.swift */,
				7B33673D2C589E1C0088544D /* TodoListFeature.swift */,
			);
			path = TodoList;
			sourceTree = "<group>";
		};
		7B33673F2C58A2550088544D /* Service */ = {
			isa = PBXGroup;
			children = (
				7B3367402C58A2650088544D /* TodoService.swift */,
			);
			path = Service;
			sourceTree = "<group>";
		};
		7B3B3F622C58D4190018207C /* DIContainers */ = {
			isa = PBXGroup;
			children = (
				7B3367442C58A94C0088544D /* MainDIContainer.swift */,
				7B3B3F632C58D4290018207C /* AppDIContainer.swift */,
			);
			path = DIContainers;
			sourceTree = "<group>";
		};
		7B3B3F652C58D48D0018207C /* Coordinators */ = {
			isa = PBXGroup;
			children = (
				7B3367482C58AA5A0088544D /* MainCoordinator.swift */,
				7B3B3F662C58D4B10018207C /* AppCoordinator.swift */,
			);
			path = Coordinators;
			sourceTree = "<group>";
		};
		7B97916A2C575F0100698DE6 = {
			isa = PBXGroup;
			children = (
				7B9791752C575F0100698DE6 /* TodoList_TCA */,
				7B9791742C575F0100698DE6 /* Products */,
			);
			sourceTree = "<group>";
		};
		7B9791742C575F0100698DE6 /* Products */ = {
			isa = PBXGroup;
			children = (
				7B9791732C575F0100698DE6 /* TodoList_TCA.app */,
			);
			name = Products;
			sourceTree = "<group>";
		};
		7B9791752C575F0100698DE6 /* TodoList_TCA */ = {
			isa = PBXGroup;
			children = (
				7B9791892C57650600698DE6 /* App */,
				7B97918A2C57651000698DE6 /* Modules */,
				7B97918B2C57651700698DE6 /* Model */,
				7B33673F2C58A2550088544D /* Service */,
				7B97917E2C575F0200698DE6 /* Preview Content */,
				7B97918C2C57651E00698DE6 /* Resource */,
			);
			path = TodoList_TCA;
			sourceTree = "<group>";
		};
		7B97917E2C575F0200698DE6 /* Preview Content */ = {
			isa = PBXGroup;
			children = (
				7B97917F2C575F0200698DE6 /* Preview Assets.xcassets */,
			);
			path = "Preview Content";
			sourceTree = "<group>";
		};
		7B9791892C57650600698DE6 /* App */ = {
			isa = PBXGroup;
			children = (
				7B9791762C575F0100698DE6 /* TodoList_TCAApp.swift */,
				7B3B3F622C58D4190018207C /* DIContainers */,
				7B3B3F652C58D48D0018207C /* Coordinators */,
			);
			path = App;
			sourceTree = "<group>";
		};
		7B97918A2C57651000698DE6 /* Modules */ = {
			isa = PBXGroup;
			children = (
				7B3367392C5879390088544D /* TodoList */,
				7B97918F2C576C2E00698DE6 /* Count */,
				7B9791782C575F0100698DE6 /* ContentView.swift */,
			);
			path = Modules;
			sourceTree = "<group>";
		};
		7B97918B2C57651700698DE6 /* Model */ = {
			isa = PBXGroup;
			children = (
				7B97918D2C57654700698DE6 /* Task.swift */,
			);
			path = Model;
			sourceTree = "<group>";
		};
		7B97918C2C57651E00698DE6 /* Resource */ = {
			isa = PBXGroup;
			children = (
				7B97917C2C575F0200698DE6 /* Assets.xcassets */,
			);
			path = Resource;
			sourceTree = "<group>";
		};
		7B97918F2C576C2E00698DE6 /* Count */ = {
			isa = PBXGroup;
			children = (
				7B9791902C576C4800698DE6 /* CountView.swift */,
				7B9791922C57811400698DE6 /* CountFeature.swift */,
			);
			path = Count;
			sourceTree = "<group>";
		};
/* End PBXGroup section */

/* Begin PBXNativeTarget section */
		7B9791722C575F0100698DE6 /* TodoList_TCA */ = {
			isa = PBXNativeTarget;
			buildConfigurationList = 7B9791832C575F0200698DE6 /* Build configuration list for PBXNativeTarget "TodoList_TCA" */;
			buildPhases = (
				7B97916F2C575F0100698DE6 /* Sources */,
				7B9791702C575F0100698DE6 /* Frameworks */,
				7B9791712C575F0100698DE6 /* Resources */,
			);
			buildRules = (
			);
			dependencies = (
			);
			name = TodoList_TCA;
			packageProductDependencies = (
				7B9791872C575FAF00698DE6 /* ComposableArchitecture */,
			);
			productName = TodoList_TCA;
			productReference = 7B9791732C575F0100698DE6 /* TodoList_TCA.app */;
			productType = "com.apple.product-type.application";
		};
/* End PBXNativeTarget section */

/* Begin PBXProject section */
		7B97916B2C575F0100698DE6 /* Project object */ = {
			isa = PBXProject;
			attributes = {
				BuildIndependentTargetsInParallel = 1;
				LastSwiftUpdateCheck = 1530;
				LastUpgradeCheck = 1530;
				TargetAttributes = {
					7B9791722C575F0100698DE6 = {
						CreatedOnToolsVersion = 15.3;
					};
				};
			};
			buildConfigurationList = 7B97916E2C575F0100698DE6 /* Build configuration list for PBXProject "TodoList_TCA" */;
			compatibilityVersion = "Xcode 14.0";
			developmentRegion = en;
			hasScannedForEncodings = 0;
			knownRegions = (
				en,
				Base,
			);
			mainGroup = 7B97916A2C575F0100698DE6;
			packageReferences = (
				7B9791862C575FAF00698DE6 /* XCRemoteSwiftPackageReference "swift-composable-architecture" */,
			);
			productRefGroup = 7B9791742C575F0100698DE6 /* Products */;
			projectDirPath = "";
			projectRoot = "";
			targets = (
				7B9791722C575F0100698DE6 /* TodoList_TCA */,
			);
		};
/* End PBXProject section */

/* Begin PBXResourcesBuildPhase section */
		7B9791712C575F0100698DE6 /* Resources */ = {
			isa = PBXResourcesBuildPhase;
			buildActionMask = 2147483647;
			files = (
				7B9791802C575F0200698DE6 /* Preview Assets.xcassets in Resources */,
				7B97917D2C575F0200698DE6 /* Assets.xcassets in Resources */,
			);
			runOnlyForDeploymentPostprocessing = 0;
		};
/* End PBXResourcesBuildPhase section */

/* Begin PBXSourcesBuildPhase section */
		7B97916F2C575F0100698DE6 /* Sources */ = {
			isa = PBXSourcesBuildPhase;
			buildActionMask = 2147483647;
			files = (
				7B3B3F672C58D4B10018207C /* AppCoordinator.swift in Sources */,
				7B3B3F642C58D4290018207C /* AppDIContainer.swift in Sources */,
				7B9791932C57811400698DE6 /* CountFeature.swift in Sources */,
				7B97918E2C57654700698DE6 /* Task.swift in Sources */,
				7B3367452C58A94C0088544D /* MainDIContainer.swift in Sources */,
				7B33673B2C5879450088544D /* TodoListView.swift in Sources */,
				7B3367412C58A2650088544D /* TodoService.swift in Sources */,
				7B3367492C58AA5A0088544D /* MainCoordinator.swift in Sources */,
				7B33673E2C589E1C0088544D /* TodoListFeature.swift in Sources */,
				7B9791792C575F0100698DE6 /* ContentView.swift in Sources */,
				7B9791912C576C4800698DE6 /* CountView.swift in Sources */,
				7B9791772C575F0100698DE6 /* TodoList_TCAApp.swift in Sources */,
			);
			runOnlyForDeploymentPostprocessing = 0;
		};
/* End PBXSourcesBuildPhase section */

/* Begin XCBuildConfiguration section */
		7B9791812C575F0200698DE6 /* Debug */ = {
			isa = XCBuildConfiguration;
			buildSettings = {
				ALWAYS_SEARCH_USER_PATHS = NO;
				ASSETCATALOG_COMPILER_GENERATE_SWIFT_ASSET_SYMBOL_EXTENSIONS = YES;
				CLANG_ANALYZER_NONNULL = YES;
				CLANG_ANALYZER_NUMBER_OBJECT_CONVERSION = YES_AGGRESSIVE;
				CLANG_CXX_LANGUAGE_STANDARD = "gnu++20";
				CLANG_ENABLE_MODULES = YES;
				CLANG_ENABLE_OBJC_ARC = YES;
				CLANG_ENABLE_OBJC_WEAK = YES;
				CLANG_WARN_BLOCK_CAPTURE_AUTORELEASING = YES;
				CLANG_WARN_BOOL_CONVERSION = YES;
				CLANG_WARN_COMMA = YES;
				CLANG_WARN_CONSTANT_CONVERSION = YES;
				CLANG_WARN_DEPRECATED_OBJC_IMPLEMENTATIONS = YES;
				CLANG_WARN_DIRECT_OBJC_ISA_USAGE = YES_ERROR;
				CLANG_WARN_DOCUMENTATION_COMMENTS = YES;
				CLANG_WARN_EMPTY_BODY = YES;
				CLANG_WARN_ENUM_CONVERSION = YES;
				CLANG_WARN_INFINITE_RECURSION = YES;
				CLANG_WARN_INT_CONVERSION = YES;
				CLANG_WARN_NON_LITERAL_NULL_CONVERSION = YES;
				CLANG_WARN_OBJC_IMPLICIT_RETAIN_SELF = YES;
				CLANG_WARN_OBJC_LITERAL_CONVERSION = YES;
				CLANG_WARN_OBJC_ROOT_CLASS = YES_ERROR;
				CLANG_WARN_QUOTED_INCLUDE_IN_FRAMEWORK_HEADER = YES;
				CLANG_WARN_RANGE_LOOP_ANALYSIS = YES;
				CLANG_WARN_STRICT_PROTOTYPES = YES;
				CLANG_WARN_SUSPICIOUS_MOVE = YES;
				CLANG_WARN_UNGUARDED_AVAILABILITY = YES_AGGRESSIVE;
				CLANG_WARN_UNREACHABLE_CODE = YES;
				CLANG_WARN__DUPLICATE_METHOD_MATCH = YES;
				COPY_PHASE_STRIP = NO;
				DEBUG_INFORMATION_FORMAT = dwarf;
				ENABLE_STRICT_OBJC_MSGSEND = YES;
				ENABLE_TESTABILITY = YES;
				ENABLE_USER_SCRIPT_SANDBOXING = YES;
				GCC_C_LANGUAGE_STANDARD = gnu17;
				GCC_DYNAMIC_NO_PIC = NO;
				GCC_NO_COMMON_BLOCKS = YES;
				GCC_OPTIMIZATION_LEVEL = 0;
				GCC_PREPROCESSOR_DEFINITIONS = (
					"DEBUG=1",
					"$(inherited)",
				);
				GCC_WARN_64_TO_32_BIT_CONVERSION = YES;
				GCC_WARN_ABOUT_RETURN_TYPE = YES_ERROR;
				GCC_WARN_UNDECLARED_SELECTOR = YES;
				GCC_WARN_UNINITIALIZED_AUTOS = YES_AGGRESSIVE;
				GCC_WARN_UNUSED_FUNCTION = YES;
				GCC_WARN_UNUSED_VARIABLE = YES;
				IPHONEOS_DEPLOYMENT_TARGET = 17.4;
				LOCALIZATION_PREFERS_STRING_CATALOGS = YES;
				MTL_ENABLE_DEBUG_INFO = INCLUDE_SOURCE;
				MTL_FAST_MATH = YES;
				ONLY_ACTIVE_ARCH = YES;
				SDKROOT = iphoneos;
				SWIFT_ACTIVE_COMPILATION_CONDITIONS = "DEBUG $(inherited)";
				SWIFT_OPTIMIZATION_LEVEL = "-Onone";
			};
			name = Debug;
		};
		7B9791822C575F0200698DE6 /* Release */ = {
			isa = XCBuildConfiguration;
			buildSettings = {
				ALWAYS_SEARCH_USER_PATHS = NO;
				ASSETCATALOG_COMPILER_GENERATE_SWIFT_ASSET_SYMBOL_EXTENSIONS = YES;
				CLANG_ANALYZER_NONNULL = YES;
				CLANG_ANALYZER_NUMBER_OBJECT_CONVERSION = YES_AGGRESSIVE;
				CLANG_CXX_LANGUAGE_STANDARD = "gnu++20";
				CLANG_ENABLE_MODULES = YES;
				CLANG_ENABLE_OBJC_ARC = YES;
				CLANG_ENABLE_OBJC_WEAK = YES;
				CLANG_WARN_BLOCK_CAPTURE_AUTORELEASING = YES;
				CLANG_WARN_BOOL_CONVERSION = YES;
				CLANG_WARN_COMMA = YES;
				CLANG_WARN_CONSTANT_CONVERSION = YES;
				CLANG_WARN_DEPRECATED_OBJC_IMPLEMENTATIONS = YES;
				CLANG_WARN_DIRECT_OBJC_ISA_USAGE = YES_ERROR;
				CLANG_WARN_DOCUMENTATION_COMMENTS = YES;
				CLANG_WARN_EMPTY_BODY = YES;
				CLANG_WARN_ENUM_CONVERSION = YES;
				CLANG_WARN_INFINITE_RECURSION = YES;
				CLANG_WARN_INT_CONVERSION = YES;
				CLANG_WARN_NON_LITERAL_NULL_CONVERSION = YES;
				CLANG_WARN_OBJC_IMPLICIT_RETAIN_SELF = YES;
				CLANG_WARN_OBJC_LITERAL_CONVERSION = YES;
				CLANG_WARN_OBJC_ROOT_CLASS = YES_ERROR;
				CLANG_WARN_QUOTED_INCLUDE_IN_FRAMEWORK_HEADER = YES;
				CLANG_WARN_RANGE_LOOP_ANALYSIS = YES;
				CLANG_WARN_STRICT_PROTOTYPES = YES;
				CLANG_WARN_SUSPICIOUS_MOVE = YES;
				CLANG_WARN_UNGUARDED_AVAILABILITY = YES_AGGRESSIVE;
				CLANG_WARN_UNREACHABLE_CODE = YES;
				CLANG_WARN__DUPLICATE_METHOD_MATCH = YES;
				COPY_PHASE_STRIP = NO;
				DEBUG_INFORMATION_FORMAT = "dwarf-with-dsym";
				ENABLE_NS_ASSERTIONS = NO;
				ENABLE_STRICT_OBJC_MSGSEND = YES;
				ENABLE_USER_SCRIPT_SANDBOXING = YES;
				GCC_C_LANGUAGE_STANDARD = gnu17;
				GCC_NO_COMMON_BLOCKS = YES;
				GCC_WARN_64_TO_32_BIT_CONVERSION = YES;
				GCC_WARN_ABOUT_RETURN_TYPE = YES_ERROR;
				GCC_WARN_UNDECLARED_SELECTOR = YES;
				GCC_WARN_UNINITIALIZED_AUTOS = YES_AGGRESSIVE;
				GCC_WARN_UNUSED_FUNCTION = YES;
				GCC_WARN_UNUSED_VARIABLE = YES;
				IPHONEOS_DEPLOYMENT_TARGET = 17.4;
				LOCALIZATION_PREFERS_STRING_CATALOGS = YES;
				MTL_ENABLE_DEBUG_INFO = NO;
				MTL_FAST_MATH = YES;
				SDKROOT = iphoneos;
				SWIFT_COMPILATION_MODE = wholemodule;
				VALIDATE_PRODUCT = YES;
			};
			name = Release;
		};
		7B9791842C575F0200698DE6 /* Debug */ = {
			isa = XCBuildConfiguration;
			buildSettings = {
				ASSETCATALOG_COMPILER_APPICON_NAME = AppIcon;
				ASSETCATALOG_COMPILER_GLOBAL_ACCENT_COLOR_NAME = AccentColor;
				"CODE_SIGN_IDENTITY[sdk=iphoneos*]" = "iPhone Developer";
				CODE_SIGN_STYLE = Manual;
				CURRENT_PROJECT_VERSION = 1;
				DEVELOPMENT_ASSET_PATHS = "\"TodoList_TCA/Preview Content\"";
				DEVELOPMENT_TEAM = "";
				"DEVELOPMENT_TEAM[sdk=iphoneos*]" = 9Y3C29YBST;
				ENABLE_PREVIEWS = YES;
				GENERATE_INFOPLIST_FILE = YES;
				INFOPLIST_KEY_UIApplicationSceneManifest_Generation = YES;
				INFOPLIST_KEY_UIApplicationSupportsIndirectInputEvents = YES;
				INFOPLIST_KEY_UILaunchScreen_Generation = YES;
				INFOPLIST_KEY_UISupportedInterfaceOrientations_iPad = "UIInterfaceOrientationPortrait UIInterfaceOrientationPortraitUpsideDown UIInterfaceOrientationLandscapeLeft UIInterfaceOrientationLandscapeRight";
				INFOPLIST_KEY_UISupportedInterfaceOrientations_iPhone = "UIInterfaceOrientationPortrait UIInterfaceOrientationLandscapeLeft UIInterfaceOrientationLandscapeRight";
				IPHONEOS_DEPLOYMENT_TARGET = 17.0;
				LD_RUNPATH_SEARCH_PATHS = (
					"$(inherited)",
					"@executable_path/Frameworks",
				);
				MARKETING_VERSION = 1.0;
				OTHER_SWIFT_FLAGS = "";
				PRODUCT_BUNDLE_IDENTIFIER = com.importants.TodoListTCA;
				PRODUCT_NAME = "$(TARGET_NAME)";
				PROVISIONING_PROFILE_SPECIFIER = "";
				"PROVISIONING_PROFILE_SPECIFIER[sdk=iphoneos*]" = TodoList_TCA;
				SWIFT_EMIT_LOC_STRINGS = YES;
				SWIFT_VERSION = 5.0;
				TARGETED_DEVICE_FAMILY = "1,2";
			};
			name = Debug;
		};
		7B9791852C575F0200698DE6 /* Release */ = {
			isa = XCBuildConfiguration;
			buildSettings = {
				ASSETCATALOG_COMPILER_APPICON_NAME = AppIcon;
				ASSETCATALOG_COMPILER_GLOBAL_ACCENT_COLOR_NAME = AccentColor;
				"CODE_SIGN_IDENTITY[sdk=iphoneos*]" = "iPhone Developer";
				CODE_SIGN_STYLE = Manual;
				CURRENT_PROJECT_VERSION = 1;
				DEVELOPMENT_ASSET_PATHS = "\"TodoList_TCA/Preview Content\"";
				DEVELOPMENT_TEAM = "";
				"DEVELOPMENT_TEAM[sdk=iphoneos*]" = 9Y3C29YBST;
				ENABLE_PREVIEWS = YES;
				GENERATE_INFOPLIST_FILE = YES;
				INFOPLIST_KEY_UIApplicationSceneManifest_Generation = YES;
				INFOPLIST_KEY_UIApplicationSupportsIndirectInputEvents = YES;
				INFOPLIST_KEY_UILaunchScreen_Generation = YES;
				INFOPLIST_KEY_UISupportedInterfaceOrientations_iPad = "UIInterfaceOrientationPortrait UIInterfaceOrientationPortraitUpsideDown UIInterfaceOrientationLandscapeLeft UIInterfaceOrientationLandscapeRight";
				INFOPLIST_KEY_UISupportedInterfaceOrientations_iPhone = "UIInterfaceOrientationPortrait UIInterfaceOrientationLandscapeLeft UIInterfaceOrientationLandscapeRight";
				IPHONEOS_DEPLOYMENT_TARGET = 17.0;
				LD_RUNPATH_SEARCH_PATHS = (
					"$(inherited)",
					"@executable_path/Frameworks",
				);
				MARKETING_VERSION = 1.0;
				OTHER_SWIFT_FLAGS = "";
				PRODUCT_BUNDLE_IDENTIFIER = com.importants.TodoListTCA;
				PRODUCT_NAME = "$(TARGET_NAME)";
				PROVISIONING_PROFILE_SPECIFIER = "";
				"PROVISIONING_PROFILE_SPECIFIER[sdk=iphoneos*]" = TodoList_TCA;
				SWIFT_EMIT_LOC_STRINGS = YES;
				SWIFT_VERSION = 5.0;
				TARGETED_DEVICE_FAMILY = "1,2";
			};
			name = Release;
		};
/* End XCBuildConfiguration section */

/* Begin XCConfigurationList section */
		7B97916E2C575F0100698DE6 /* Build configuration list for PBXProject "TodoList_TCA" */ = {
			isa = XCConfigurationList;
			buildConfigurations = (
				7B9791812C575F0200698DE6 /* Debug */,
				7B9791822C575F0200698DE6 /* Release */,
			);
			defaultConfigurationIsVisible = 0;
			defaultConfigurationName = Release;
		};
		7B9791832C575F0200698DE6 /* Build configuration list for PBXNativeTarget "TodoList_TCA" */ = {
			isa = XCConfigurationList;
			buildConfigurations = (
				7B9791842C575F0200698DE6 /* Debug */,
				7B9791852C575F0200698DE6 /* Release */,
			);
			defaultConfigurationIsVisible = 0;
			defaultConfigurationName = Release;
		};
/* End XCConfigurationList section */

/* Begin XCRemoteSwiftPackageReference section */
		7B9791862C575FAF00698DE6 /* XCRemoteSwiftPackageReference "swift-composable-architecture" */ = {
			isa = XCRemoteSwiftPackageReference;
			repositoryURL = "https://github.com/pointfreeco/swift-composable-architecture";
			requirement = {
				kind = upToNextMajorVersion;
				minimumVersion = 1.12.1;
			};
		};
/* End XCRemoteSwiftPackageReference section */

/* Begin XCSwiftPackageProductDependency section */
		7B9791872C575FAF00698DE6 /* ComposableArchitecture */ = {
			isa = XCSwiftPackageProductDependency;
			package = 7B9791862C575FAF00698DE6 /* XCRemoteSwiftPackageReference "swift-composable-architecture" */;
			productName = ComposableArchitecture;
		};
/* End XCSwiftPackageProductDependency section */
	};
	rootObject = 7B97916B2C575F0100698DE6 /* Project object */;
}
